
Microsoft Visual Studio Solution File, Format Version 11.00
# Visual Studio 2010
Project("{FAE04EC0-301F-11D3-BF4B-00C04F79EFBC}") = "Assembly-CSharp", "Assembly-CSharp.csproj", "{5487ea43-f170-b027-d20f-95262ea94435}"
EndProject
Project("{FAE04EC0-301F-11D3-BF4B-00C04F79EFBC}") = "Assembly-CSharp-Editor", "Assembly-CSharp-Editor.csproj", "{8268b415-96a8-af6a-0215-1451cc660310}"
EndProject
Project("{FAE04EC0-301F-11D3-BF4B-00C04F79EFBC}") = "Unity.VSAttribution.Editor", "Unity.VSAttribution.Editor.csproj", "{f0333371-4d78-e561-83d7-7f3731692e97}"
EndProject
Global
	GlobalSection(SolutionConfigurationPlatforms) = preSolution
		Debug|Any CPU = Debug|Any CPU
	EndGlobalSection
	GlobalSection(ProjectConfigurationPlatforms) = postSolution
		{5487ea43-f170-b027-d20f-95262ea94435}.Debug|Any CPU.ActiveCfg = Debug|Any CPU
		{5487ea43-f170-b027-d20f-95262ea94435}.Debug|Any CPU.Build.0 = Debug|Any CPU
		{8268b415-96a8-af6a-0215-1451cc660310}.Debug|Any CPU.ActiveCfg = Debug|Any CPU
		{8268b415-96a8-af6a-0215-1451cc660310}.Debug|Any CPU.Build.0 = Debug|Any CPU
		{f0333371-4d78-e561-83d7-7f3731692e97}.Debug|Any CPU.ActiveCfg = Debug|Any CPU
		{f0333371-4d78-e561-83d7-7f3731692e97}.Debug|Any CPU.Build.0 = Debug|Any CPU
	EndGlobalSection
	GlobalSection(SolutionProperties) = preSolution
		HideSolutionNode = FALSE
	EndGlobalSection
EndGlobal
