
Microsoft Visual Studio Solution File, Format Version 12.00
# Visual Studio 15
Project("{FAE04EC0-301F-11D3-BF4B-00C04F79EFBC}") = "Assembly-CSharp", "Assembly-CSharp.csproj", "{43EA8754-70F1-27B0-D20F-95262EA94435}"
EndProject
Project("{FAE04EC0-301F-11D3-BF4B-00C04F79EFBC}") = "Assembly-CSharp-Editor", "Assembly-CSharp-Editor.csproj", "{15B46882-A896-6AAF-0215-1451CC660310}"
EndProject
Project("{FAE04EC0-301F-11D3-BF4B-00C04F79EFBC}") = "Unity.VSAttribution.Editor", "Unity.VSAttribution.Editor.csproj", "{713333F0-784D-61E5-83D7-7F3731692E97}"
EndProject
Global
	GlobalSection(SolutionConfigurationPlatforms) = preSolution
		Debug|Any CPU = Debug|Any CPU
		Release|Any CPU = Release|Any CPU
	EndGlobalSection
	GlobalSection(ProjectConfigurationPlatforms) = postSolution
		{43EA8754-70F1-27B0-D20F-95262EA94435}.Debug|Any CPU.ActiveCfg = Debug|Any CPU
		{43EA8754-70F1-27B0-D20F-95262EA94435}.Debug|Any CPU.Build.0 = Debug|Any CPU
		{43EA8754-70F1-27B0-D20F-95262EA94435}.Release|Any CPU.ActiveCfg = Release|Any CPU
		{43EA8754-70F1-27B0-D20F-95262EA94435}.Release|Any CPU.Build.0 = Release|Any CPU
		{15B46882-A896-6AAF-0215-1451CC660310}.Debug|Any CPU.ActiveCfg = Debug|Any CPU
		{15B46882-A896-6AAF-0215-1451CC660310}.Debug|Any CPU.Build.0 = Debug|Any CPU
		{15B46882-A896-6AAF-0215-1451CC660310}.Release|Any CPU.ActiveCfg = Release|Any CPU
		{15B46882-A896-6AAF-0215-1451CC660310}.Release|Any CPU.Build.0 = Release|Any CPU
		{713333F0-784D-61E5-83D7-7F3731692E97}.Debug|Any CPU.ActiveCfg = Debug|Any CPU
		{713333F0-784D-61E5-83D7-7F3731692E97}.Debug|Any CPU.Build.0 = Debug|Any CPU
		{713333F0-784D-61E5-83D7-7F3731692E97}.Release|Any CPU.ActiveCfg = Release|Any CPU
		{713333F0-784D-61E5-83D7-7F3731692E97}.Release|Any CPU.Build.0 = Release|Any CPU
	EndGlobalSection
	GlobalSection(SolutionProperties) = preSolution
		HideSolutionNode = FALSE
	EndGlobalSection
EndGlobal
